{
  "originHash" : "5c5107a70b876322a369756a480cc05ba351f35f60098f7e02d408f6eaaa4356",
  "pins" : [
    {
      "identity" : "alisasdk",
      "kind" : "remoteSourceControl",
      "location" : "https://github.com/Ali-Corp/AliSASDK",
      "state" : {
        "branch" : "dev",
        "revision" : "d3d4097587c80d97c5783a651d5520d4c7a0ca17"
      }
    }
  ],
  "version" : 3
}
