// !$*UTF8*$!
{
	archiveVersion = 1;
	classes = {
	};
	objectVersion = 77;
	objects = {

/* Begin PBXBuildFile section */
		8407815EB2574912391798F4 /* Pods_ALISASDKSwiftUIExample.framework in Frameworks */ = {isa = PBXBuildFile; fileRef = EC75E792422A0C075EC2F8E2 /* Pods_ALISASDKSwiftUIExample.framework */; };
		C1FF22FD29050BC994465938 /* libPods-ALISASDKSwiftUIExampleTests.a in Frameworks */ = {isa = PBXBuildFile; fileRef = 3D1B7C6B147B2D99A7D00641 /* libPods-ALISASDKSwiftUIExampleTests.a */; };
		E094D770F03F5F5FD212ED56 /* libPods-ALISASDKSwiftUIExampleUITests.a in Frameworks */ = {isa = PBXBuildFile; fileRef = ACB9C1266174AB31C53956D3 /* libPods-ALISASDKSwiftUIExampleUITests.a */; };
/* End PBXBuildFile section */

/* Begin PBXContainerItemProxy section */
		8CF5A40A2F5ADE24004381DD /* PBXContainerItemProxy */ = {
			isa = PBXContainerItemProxy;
			containerPortal = 8CF5A3F42F5ADE21004381DD /* Project object */;
			proxyType = 1;
			remoteGlobalIDString = 8CF5A3FB2F5ADE21004381DD;
			remoteInfo = ALISASDKSwiftUIExample;
		};
		8CF5A4142F5ADE24004381DD /* PBXContainerItemProxy */ = {
			isa = PBXContainerItemProxy;
			containerPortal = 8CF5A3F42F5ADE21004381DD /* Project object */;
			proxyType = 1;
			remoteGlobalIDString = 8CF5A3FB2F5ADE21004381DD;
			remoteInfo = ALISASDKSwiftUIExample;
		};
/* End PBXContainerItemProxy section */

/* Begin PBXFileReference section */
		3D1B7C6B147B2D99A7D00641 /* libPods-ALISASDKSwiftUIExampleTests.a */ = {isa = PBXFileReference; explicitFileType = archive.ar; includeInIndex = 0; path = "libPods-ALISASDKSwiftUIExampleTests.a"; sourceTree = BUILT_PRODUCTS_DIR; };
		3F17A7B44A729293047381C9 /* Pods-ALISASDKSwiftUIExampleTests.debug.xcconfig */ = {isa = PBXFileReference; includeInIndex = 1; lastKnownFileType = text.xcconfig; name = "Pods-ALISASDKSwiftUIExampleTests.debug.xcconfig"; path = "Target Support Files/Pods-ALISASDKSwiftUIExampleTests/Pods-ALISASDKSwiftUIExampleTests.debug.xcconfig"; sourceTree = "<group>"; };
		6D5247E35810C56EB1F68F7D /* Pods-ALISASDKSwiftUIExampleUITests.release.xcconfig */ = {isa = PBXFileReference; includeInIndex = 1; lastKnownFileType = text.xcconfig; name = "Pods-ALISASDKSwiftUIExampleUITests.release.xcconfig"; path = "Target Support Files/Pods-ALISASDKSwiftUIExampleUITests/Pods-ALISASDKSwiftUIExampleUITests.release.xcconfig"; sourceTree = "<group>"; };
		80869A5F9DDD4684A25A72B9 /* Pods-ALISASDKSwiftUIExampleUITests.debug.xcconfig */ = {isa = PBXFileReference; includeInIndex = 1; lastKnownFileType = text.xcconfig; name = "Pods-ALISASDKSwiftUIExampleUITests.debug.xcconfig"; path = "Target Support Files/Pods-ALISASDKSwiftUIExampleUITests/Pods-ALISASDKSwiftUIExampleUITests.debug.xcconfig"; sourceTree = "<group>"; };
		8CF5A3FC2F5ADE21004381DD /* ALISASDKSwiftUIExample.app */ = {isa = PBXFileReference; explicitFileType = wrapper.application; includeInIndex = 0; path = ALISASDKSwiftUIExample.app; sourceTree = BUILT_PRODUCTS_DIR; };
		8CF5A4092F5ADE24004381DD /* ALISASDKSwiftUIExampleTests.xctest */ = {isa = PBXFileReference; explicitFileType = wrapper.cfbundle; includeInIndex = 0; path = ALISASDKSwiftUIExampleTests.xctest; sourceTree = BUILT_PRODUCTS_DIR; };
		8CF5A4132F5ADE24004381DD /* ALISASDKSwiftUIExampleUITests.xctest */ = {isa = PBXFileReference; explicitFileType = wrapper.cfbundle; includeInIndex = 0; path = ALISASDKSwiftUIExampleUITests.xctest; sourceTree = BUILT_PRODUCTS_DIR; };
		99A27BAA03D1ACD8FE2EAB0B /* Pods-ALISASDKSwiftUIExample.debug.xcconfig */ = {isa = PBXFileReference; includeInIndex = 1; lastKnownFileType = text.xcconfig; name = "Pods-ALISASDKSwiftUIExample.debug.xcconfig"; path = "Target Support Files/Pods-ALISASDKSwiftUIExample/Pods-ALISASDKSwiftUIExample.debug.xcconfig"; sourceTree = "<group>"; };
		A907A2A62E23BEFE65B1D33A /* Pods-ALISASDKSwiftUIExampleTests.release.xcconfig */ = {isa = PBXFileReference; includeInIndex = 1; lastKnownFileType = text.xcconfig; name = "Pods-ALISASDKSwiftUIExampleTests.release.xcconfig"; path = "Target Support Files/Pods-ALISASDKSwiftUIExampleTests/Pods-ALISASDKSwiftUIExampleTests.release.xcconfig"; sourceTree = "<group>"; };
		ACB9C1266174AB31C53956D3 /* libPods-ALISASDKSwiftUIExampleUITests.a */ = {isa = PBXFileReference; explicitFileType = archive.ar; includeInIndex = 0; path = "libPods-ALISASDKSwiftUIExampleUITests.a"; sourceTree = BUILT_PRODUCTS_DIR; };
		C1050191B8DFD8BB2F2D7B49 /* Pods-ALISASDKSwiftUIExample.release.xcconfig */ = {isa = PBXFileReference; includeInIndex = 1; lastKnownFileType = text.xcconfig; name = "Pods-ALISASDKSwiftUIExample.release.xcconfig"; path = "Target Support Files/Pods-ALISASDKSwiftUIExample/Pods-ALISASDKSwiftUIExample.release.xcconfig"; sourceTree = "<group>"; };
		EC75E792422A0C075EC2F8E2 /* Pods_ALISASDKSwiftUIExample.framework */ = {isa = PBXFileReference; explicitFileType = wrapper.framework; includeInIndex = 0; path = Pods_ALISASDKSwiftUIExample.framework; sourceTree = BUILT_PRODUCTS_DIR; };
/* End PBXFileReference section */

/* Begin PBXFileSystemSynchronizedRootGroup section */
		8CF5A3FE2F5ADE21004381DD /* ALISASDKSwiftUIExample */ = {
			isa = PBXFileSystemSynchronizedRootGroup;
			path = ALISASDKSwiftUIExample;
			sourceTree = "<group>";
		};
		8CF5A40C2F5ADE24004381DD /* ALISASDKSwiftUIExampleTests */ = {
			isa = PBXFileSystemSynchronizedRootGroup;
			path = ALISASDKSwiftUIExampleTests;
			sourceTree = "<group>";
		};
		8CF5A4162F5ADE24004381DD /* ALISASDKSwiftUIExampleUITests */ = {
			isa = PBXFileSystemSynchronizedRootGroup;
			path = ALISASDKSwiftUIExampleUITests;
			sourceTree = "<group>";
		};
/* End PBXFileSystemSynchronizedRootGroup section */

/* Begin PBXFrameworksBuildPhase section */
		8CF5A3F92F5ADE21004381DD /* Frameworks */ = {
			isa = PBXFrameworksBuildPhase;
			buildActionMask = 2147483647;
			files = (
				8407815EB2574912391798F4 /* Pods_ALISASDKSwiftUIExample.framework in Frameworks */,
			);
			runOnlyForDeploymentPostprocessing = 0;
		};
		8CF5A4062F5ADE24004381DD /* Frameworks */ = {
			isa = PBXFrameworksBuildPhase;
			buildActionMask = 2147483647;
			files = (
				C1FF22FD29050BC994465938 /* libPods-ALISASDKSwiftUIExampleTests.a in Frameworks */,
			);
			runOnlyForDeploymentPostprocessing = 0;
		};
		8CF5A4102F5ADE24004381DD /* Frameworks */ = {
			isa = PBXFrameworksBuildPhase;
			buildActionMask = 2147483647;
			files = (
				E094D770F03F5F5FD212ED56 /* libPods-ALISASDKSwiftUIExampleUITests.a in Frameworks */,
			);
			runOnlyForDeploymentPostprocessing = 0;
		};
/* End PBXFrameworksBuildPhase section */

/* Begin PBXGroup section */
		2F9027CB1018CDC27EAB52F7 /* Pods */ = {
			isa = PBXGroup;
			children = (
				99A27BAA03D1ACD8FE2EAB0B /* Pods-ALISASDKSwiftUIExample.debug.xcconfig */,
				C1050191B8DFD8BB2F2D7B49 /* Pods-ALISASDKSwiftUIExample.release.xcconfig */,
				3F17A7B44A729293047381C9 /* Pods-ALISASDKSwiftUIExampleTests.debug.xcconfig */,
				A907A2A62E23BEFE65B1D33A /* Pods-ALISASDKSwiftUIExampleTests.release.xcconfig */,
				80869A5F9DDD4684A25A72B9 /* Pods-ALISASDKSwiftUIExampleUITests.debug.xcconfig */,
				6D5247E35810C56EB1F68F7D /* Pods-ALISASDKSwiftUIExampleUITests.release.xcconfig */,
			);
			path = Pods;
			sourceTree = "<group>";
		};
		8232F9AED000D6A98D4ECD93 /* Frameworks */ = {
			isa = PBXGroup;
			children = (
				EC75E792422A0C075EC2F8E2 /* Pods_ALISASDKSwiftUIExample.framework */,
				3D1B7C6B147B2D99A7D00641 /* libPods-ALISASDKSwiftUIExampleTests.a */,
				ACB9C1266174AB31C53956D3 /* libPods-ALISASDKSwiftUIExampleUITests.a */,
			);
			name = Frameworks;
			sourceTree = "<group>";
		};
		8CF5A3F32F5ADE21004381DD = {
			isa = PBXGroup;
			children = (
				8CF5A3FE2F5ADE21004381DD /* ALISASDKSwiftUIExample */,
				8CF5A40C2F5ADE24004381DD /* ALISASDKSwiftUIExampleTests */,
				8CF5A4162F5ADE24004381DD /* ALISASDKSwiftUIExampleUITests */,
				8CF5A3FD2F5ADE21004381DD /* Products */,
				2F9027CB1018CDC27EAB52F7 /* Pods */,
				8232F9AED000D6A98D4ECD93 /* Frameworks */,
			);
			sourceTree = "<group>";
		};
		8CF5A3FD2F5ADE21004381DD /* Products */ = {
			isa = PBXGroup;
			children = (
				8CF5A3FC2F5ADE21004381DD /* ALISASDKSwiftUIExample.app */,
				8CF5A4092F5ADE24004381DD /* ALISASDKSwiftUIExampleTests.xctest */,
				8CF5A4132F5ADE24004381DD /* ALISASDKSwiftUIExampleUITests.xctest */,
			);
			name = Products;
			sourceTree = "<group>";
		};
/* End PBXGroup section */

/* Begin PBXNativeTarget section */
		8CF5A3FB2F5ADE21004381DD /* ALISASDKSwiftUIExample */ = {
			isa = PBXNativeTarget;
			buildConfigurationList = 8CF5A41D2F5ADE24004381DD /* Build configuration list for PBXNativeTarget "ALISASDKSwiftUIExample" */;
			buildPhases = (
				C66CA05D119C96A1FB10C441 /* [CP] Check Pods Manifest.lock */,
				8CF5A3F82F5ADE21004381DD /* Sources */,
				8CF5A3F92F5ADE21004381DD /* Frameworks */,
				8CF5A3FA2F5ADE21004381DD /* Resources */,
				6AB93F293897286A67AA7F73 /* [CP] Embed Pods Frameworks */,
				7521114E7F686862950D7030 /* [CP] Copy Pods Resources */,
			);
			buildRules = (
			);
			dependencies = (
			);
			fileSystemSynchronizedGroups = (
				8CF5A3FE2F5ADE21004381DD /* ALISASDKSwiftUIExample */,
			);
			name = ALISASDKSwiftUIExample;
			packageProductDependencies = (
			);
			productName = ALISASDKSwiftUIExample;
			productReference = 8CF5A3FC2F5ADE21004381DD /* ALISASDKSwiftUIExample.app */;
			productType = "com.apple.product-type.application";
		};
		8CF5A4082F5ADE24004381DD /* ALISASDKSwiftUIExampleTests */ = {
			isa = PBXNativeTarget;
			buildConfigurationList = 8CF5A4202F5ADE24004381DD /* Build configuration list for PBXNativeTarget "ALISASDKSwiftUIExampleTests" */;
			buildPhases = (
				BAE445319DDB92857F378D21 /* [CP] Check Pods Manifest.lock */,
				8CF5A4052F5ADE24004381DD /* Sources */,
				8CF5A4062F5ADE24004381DD /* Frameworks */,
				8CF5A4072F5ADE24004381DD /* Resources */,
			);
			buildRules = (
			);
			dependencies = (
				8CF5A40B2F5ADE24004381DD /* PBXTargetDependency */,
			);
			fileSystemSynchronizedGroups = (
				8CF5A40C2F5ADE24004381DD /* ALISASDKSwiftUIExampleTests */,
			);
			name = ALISASDKSwiftUIExampleTests;
			productName = ALISASDKSwiftUIExampleTests;
			productReference = 8CF5A4092F5ADE24004381DD /* ALISASDKSwiftUIExampleTests.xctest */;
			productType = "com.apple.product-type.bundle.unit-test";
		};
		8CF5A4122F5ADE24004381DD /* ALISASDKSwiftUIExampleUITests */ = {
			isa = PBXNativeTarget;
			buildConfigurationList = 8CF5A4232F5ADE24004381DD /* Build configuration list for PBXNativeTarget "ALISASDKSwiftUIExampleUITests" */;
			buildPhases = (
				6FC3F9228787B051AD834DF0 /* [CP] Check Pods Manifest.lock */,
				8CF5A40F2F5ADE24004381DD /* Sources */,
				8CF5A4102F5ADE24004381DD /* Frameworks */,
				8CF5A4112F5ADE24004381DD /* Resources */,
			);
			buildRules = (
			);
			dependencies = (
				8CF5A4152F5ADE24004381DD /* PBXTargetDependency */,
			);
			fileSystemSynchronizedGroups = (
				8CF5A4162F5ADE24004381DD /* ALISASDKSwiftUIExampleUITests */,
			);
			name = ALISASDKSwiftUIExampleUITests;
			productName = ALISASDKSwiftUIExampleUITests;
			productReference = 8CF5A4132F5ADE24004381DD /* ALISASDKSwiftUIExampleUITests.xctest */;
			productType = "com.apple.product-type.bundle.ui-testing";
		};
/* End PBXNativeTarget section */

/* Begin PBXProject section */
		8CF5A3F42F5ADE21004381DD /* Project object */ = {
			isa = PBXProject;
			attributes = {
				BuildIndependentTargetsInParallel = 1;
				LastSwiftUpdateCheck = 2630;
				LastUpgradeCheck = 2630;
				TargetAttributes = {
					8CF5A3FB2F5ADE21004381DD = {
						CreatedOnToolsVersion = 26.3;
					};
					8CF5A4082F5ADE24004381DD = {
						CreatedOnToolsVersion = 26.3;
						TestTargetID = 8CF5A3FB2F5ADE21004381DD;
					};
					8CF5A4122F5ADE24004381DD = {
						CreatedOnToolsVersion = 26.3;
						TestTargetID = 8CF5A3FB2F5ADE21004381DD;
					};
				};
			};
			buildConfigurationList = 8CF5A3F72F5ADE21004381DD /* Build configuration list for PBXProject "ALISASDKSwiftUIExample" */;
			developmentRegion = en;
			hasScannedForEncodings = 0;
			knownRegions = (
				en,
				Base,
			);
			mainGroup = 8CF5A3F32F5ADE21004381DD;
			minimizedProjectReferenceProxies = 1;
			packageReferences = (
			);
			preferredProjectObjectVersion = 77;
			productRefGroup = 8CF5A3FD2F5ADE21004381DD /* Products */;
			projectDirPath = "";
			projectRoot = "";
			targets = (
				8CF5A3FB2F5ADE21004381DD /* ALISASDKSwiftUIExample */,
				8CF5A4082F5ADE24004381DD /* ALISASDKSwiftUIExampleTests */,
				8CF5A4122F5ADE24004381DD /* ALISASDKSwiftUIExampleUITests */,
			);
		};
/* End PBXProject section */

/* Begin PBXResourcesBuildPhase section */
		8CF5A3FA2F5ADE21004381DD /* Resources */ = {
			isa = PBXResourcesBuildPhase;
			buildActionMask = 2147483647;
			files = (
			);
			runOnlyForDeploymentPostprocessing = 0;
		};
		8CF5A4072F5ADE24004381DD /* Resources */ = {
			isa = PBXResourcesBuildPhase;
			buildActionMask = 2147483647;
			files = (
			);
			runOnlyForDeploymentPostprocessing = 0;
		};
		8CF5A4112F5ADE24004381DD /* Resources */ = {
			isa = PBXResourcesBuildPhase;
			buildActionMask = 2147483647;
			files = (
			);
			runOnlyForDeploymentPostprocessing = 0;
		};
/* End PBXResourcesBuildPhase section */

/* Begin PBXShellScriptBuildPhase section */
		6AB93F293897286A67AA7F73 /* [CP] Embed Pods Frameworks */ = {
			isa = PBXShellScriptBuildPhase;
			buildActionMask = 2147483647;
			files = (
			);
			inputFileListPaths = (
				"${PODS_ROOT}/Target Support Files/Pods-ALISASDKSwiftUIExample/Pods-ALISASDKSwiftUIExample-frameworks-${CONFIGURATION}-input-files.xcfilelist",
			);
			inputPaths = (
			);
			name = "[CP] Embed Pods Frameworks";
			outputFileListPaths = (
				"${PODS_ROOT}/Target Support Files/Pods-ALISASDKSwiftUIExample/Pods-ALISASDKSwiftUIExample-frameworks-${CONFIGURATION}-output-files.xcfilelist",
			);
			outputPaths = (
			);
			runOnlyForDeploymentPostprocessing = 0;
			shellPath = /bin/sh;
			shellScript = "\"${PODS_ROOT}/Target Support Files/Pods-ALISASDKSwiftUIExample/Pods-ALISASDKSwiftUIExample-frameworks.sh\"\n";
			showEnvVarsInLog = 0;
		};
		6FC3F9228787B051AD834DF0 /* [CP] Check Pods Manifest.lock */ = {
			isa = PBXShellScriptBuildPhase;
			buildActionMask = 2147483647;
			files = (
			);
			inputFileListPaths = (
			);
			inputPaths = (
				"${PODS_PODFILE_DIR_PATH}/Podfile.lock",
				"${PODS_ROOT}/Manifest.lock",
			);
			name = "[CP] Check Pods Manifest.lock";
			outputFileListPaths = (
			);
			outputPaths = (
				"$(DERIVED_FILE_DIR)/Pods-ALISASDKSwiftUIExampleUITests-checkManifestLockResult.txt",
			);
			runOnlyForDeploymentPostprocessing = 0;
			shellPath = /bin/sh;
			shellScript = "diff \"${PODS_PODFILE_DIR_PATH}/Podfile.lock\" \"${PODS_ROOT}/Manifest.lock\" > /dev/null\nif [ $? != 0 ] ; then\n    # print error to STDERR\n    echo \"error: The sandbox is not in sync with the Podfile.lock. Run 'pod install' or update your CocoaPods installation.\" >&2\n    exit 1\nfi\n# This output is used by Xcode 'outputs' to avoid re-running this script phase.\necho \"SUCCESS\" > \"${SCRIPT_OUTPUT_FILE_0}\"\n";
			showEnvVarsInLog = 0;
		};
		7521114E7F686862950D7030 /* [CP] Copy Pods Resources */ = {
			isa = PBXShellScriptBuildPhase;
			buildActionMask = 2147483647;
			files = (
			);
			inputFileListPaths = (
				"${PODS_ROOT}/Target Support Files/Pods-ALISASDKSwiftUIExample/Pods-ALISASDKSwiftUIExample-resources-${CONFIGURATION}-input-files.xcfilelist",
			);
			inputPaths = (
			);
			name = "[CP] Copy Pods Resources";
			outputFileListPaths = (
				"${PODS_ROOT}/Target Support Files/Pods-ALISASDKSwiftUIExample/Pods-ALISASDKSwiftUIExample-resources-${CONFIGURATION}-output-files.xcfilelist",
			);
			outputPaths = (
			);
			runOnlyForDeploymentPostprocessing = 0;
			shellPath = /bin/sh;
			shellScript = "\"${PODS_ROOT}/Target Support Files/Pods-ALISASDKSwiftUIExample/Pods-ALISASDKSwiftUIExample-resources.sh\"\n";
			showEnvVarsInLog = 0;
		};
		BAE445319DDB92857F378D21 /* [CP] Check Pods Manifest.lock */ = {
			isa = PBXShellScriptBuildPhase;
			buildActionMask = 2147483647;
			files = (
			);
			inputFileListPaths = (
			);
			inputPaths = (
				"${PODS_PODFILE_DIR_PATH}/Podfile.lock",
				"${PODS_ROOT}/Manifest.lock",
			);
			name = "[CP] Check Pods Manifest.lock";
			outputFileListPaths = (
			);
			outputPaths = (
				"$(DERIVED_FILE_DIR)/Pods-ALISASDKSwiftUIExampleTests-checkManifestLockResult.txt",
			);
			runOnlyForDeploymentPostprocessing = 0;
			shellPath = /bin/sh;
			shellScript = "diff \"${PODS_PODFILE_DIR_PATH}/Podfile.lock\" \"${PODS_ROOT}/Manifest.lock\" > /dev/null\nif [ $? != 0 ] ; then\n    # print error to STDERR\n    echo \"error: The sandbox is not in sync with the Podfile.lock. Run 'pod install' or update your CocoaPods installation.\" >&2\n    exit 1\nfi\n# This output is used by Xcode 'outputs' to avoid re-running this script phase.\necho \"SUCCESS\" > \"${SCRIPT_OUTPUT_FILE_0}\"\n";
			showEnvVarsInLog = 0;
		};
		C66CA05D119C96A1FB10C441 /* [CP] Check Pods Manifest.lock */ = {
			isa = PBXShellScriptBuildPhase;
			buildActionMask = 2147483647;
			files = (
			);
			inputFileListPaths = (
			);
			inputPaths = (
				"${PODS_PODFILE_DIR_PATH}/Podfile.lock",
				"${PODS_ROOT}/Manifest.lock",
			);
			name = "[CP] Check Pods Manifest.lock";
			outputFileListPaths = (
			);
			outputPaths = (
				"$(DERIVED_FILE_DIR)/Pods-ALISASDKSwiftUIExample-checkManifestLockResult.txt",
			);
			runOnlyForDeploymentPostprocessing = 0;
			shellPath = /bin/sh;
			shellScript = "diff \"${PODS_PODFILE_DIR_PATH}/Podfile.lock\" \"${PODS_ROOT}/Manifest.lock\" > /dev/null\nif [ $? != 0 ] ; then\n    # print error to STDERR\n    echo \"error: The sandbox is not in sync with the Podfile.lock. Run 'pod install' or update your CocoaPods installation.\" >&2\n    exit 1\nfi\n# This output is used by Xcode 'outputs' to avoid re-running this script phase.\necho \"SUCCESS\" > \"${SCRIPT_OUTPUT_FILE_0}\"\n";
			showEnvVarsInLog = 0;
		};
/* End PBXShellScriptBuildPhase section */

/* Begin PBXSourcesBuildPhase section */
		8CF5A3F82F5ADE21004381DD /* Sources */ = {
			isa = PBXSourcesBuildPhase;
			buildActionMask = 2147483647;
			files = (
			);
			runOnlyForDeploymentPostprocessing = 0;
		};
		8CF5A4052F5ADE24004381DD /* Sources */ = {
			isa = PBXSourcesBuildPhase;
			buildActionMask = 2147483647;
			files = (
			);
			runOnlyForDeploymentPostprocessing = 0;
		};
		8CF5A40F2F5ADE24004381DD /* Sources */ = {
			isa = PBXSourcesBuildPhase;
			buildActionMask = 2147483647;
			files = (
			);
			runOnlyForDeploymentPostprocessing = 0;
		};
/* End PBXSourcesBuildPhase section */

/* Begin PBXTargetDependency section */
		8CF5A40B2F5ADE24004381DD /* PBXTargetDependency */ = {
			isa = PBXTargetDependency;
			target = 8CF5A3FB2F5ADE21004381DD /* ALISASDKSwiftUIExample */;
			targetProxy = 8CF5A40A2F5ADE24004381DD /* PBXContainerItemProxy */;
		};
		8CF5A4152F5ADE24004381DD /* PBXTargetDependency */ = {
			isa = PBXTargetDependency;
			target = 8CF5A3FB2F5ADE21004381DD /* ALISASDKSwiftUIExample */;
			targetProxy = 8CF5A4142F5ADE24004381DD /* PBXContainerItemProxy */;
		};
/* End PBXTargetDependency section */

/* Begin XCBuildConfiguration section */
		8CF5A41B2F5ADE24004381DD /* Debug */ = {
			isa = XCBuildConfiguration;
			buildSettings = {
				ALWAYS_SEARCH_USER_PATHS = NO;
				ASSETCATALOG_COMPILER_GENERATE_SWIFT_ASSET_SYMBOL_EXTENSIONS = YES;
				CLANG_ANALYZER_NONNULL = YES;
				CLANG_ANALYZER_NUMBER_OBJECT_CONVERSION = YES_AGGRESSIVE;
				CLANG_CXX_LANGUAGE_STANDARD = "gnu++20";
				CLANG_ENABLE_MODULES = YES;
				CLANG_ENABLE_OBJC_ARC = YES;
				CLANG_ENABLE_OBJC_WEAK = YES;
				CLANG_WARN_BLOCK_CAPTURE_AUTORELEASING = YES;
				CLANG_WARN_BOOL_CONVERSION = YES;
				CLANG_WARN_COMMA = YES;
				CLANG_WARN_CONSTANT_CONVERSION = YES;
				CLANG_WARN_DEPRECATED_OBJC_IMPLEMENTATIONS = YES;
				CLANG_WARN_DIRECT_OBJC_ISA_USAGE = YES_ERROR;
				CLANG_WARN_DOCUMENTATION_COMMENTS = YES;
				CLANG_WARN_EMPTY_BODY = YES;
				CLANG_WARN_ENUM_CONVERSION = YES;
				CLANG_WARN_INFINITE_RECURSION = YES;
				CLANG_WARN_INT_CONVERSION = YES;
				CLANG_WARN_NON_LITERAL_NULL_CONVERSION = YES;
				CLANG_WARN_OBJC_IMPLICIT_RETAIN_SELF = YES;
				CLANG_WARN_OBJC_LITERAL_CONVERSION = YES;
				CLANG_WARN_OBJC_ROOT_CLASS = YES_ERROR;
				CLANG_WARN_QUOTED_INCLUDE_IN_FRAMEWORK_HEADER = YES;
				CLANG_WARN_RANGE_LOOP_ANALYSIS = YES;
				CLANG_WARN_STRICT_PROTOTYPES = YES;
				CLANG_WARN_SUSPICIOUS_MOVE = YES;
				CLANG_WARN_UNGUARDED_AVAILABILITY = YES_AGGRESSIVE;
				CLANG_WARN_UNREACHABLE_CODE = YES;
				CLANG_WARN__DUPLICATE_METHOD_MATCH = YES;
				COPY_PHASE_STRIP = NO;
				DEBUG_INFORMATION_FORMAT = dwarf;
				DEVELOPMENT_TEAM = 423A8TXZT7;
				ENABLE_STRICT_OBJC_MSGSEND = YES;
				ENABLE_TESTABILITY = YES;
				ENABLE_USER_SCRIPT_SANDBOXING = NO;
				GCC_C_LANGUAGE_STANDARD = gnu17;
				GCC_DYNAMIC_NO_PIC = NO;
				GCC_NO_COMMON_BLOCKS = YES;
				GCC_OPTIMIZATION_LEVEL = 0;
				GCC_PREPROCESSOR_DEFINITIONS = (
					"DEBUG=1",
					"$(inherited)",
				);
				GCC_WARN_64_TO_32_BIT_CONVERSION = YES;
				GCC_WARN_ABOUT_RETURN_TYPE = YES_ERROR;
				GCC_WARN_UNDECLARED_SELECTOR = YES;
				GCC_WARN_UNINITIALIZED_AUTOS = YES_AGGRESSIVE;
				GCC_WARN_UNUSED_FUNCTION = YES;
				GCC_WARN_UNUSED_VARIABLE = YES;
				IPHONEOS_DEPLOYMENT_TARGET = 26.2;
				LOCALIZATION_PREFERS_STRING_CATALOGS = YES;
				MTL_ENABLE_DEBUG_INFO = INCLUDE_SOURCE;
				MTL_FAST_MATH = YES;
				ONLY_ACTIVE_ARCH = YES;
				SDKROOT = iphoneos;
				SWIFT_ACTIVE_COMPILATION_CONDITIONS = "DEBUG $(inherited)";
				SWIFT_OPTIMIZATION_LEVEL = "-Onone";
			};
			name = Debug;
		};
		8CF5A41C2F5ADE24004381DD /* Release */ = {
			isa = XCBuildConfiguration;
			buildSettings = {
				ALWAYS_SEARCH_USER_PATHS = NO;
				ASSETCATALOG_COMPILER_GENERATE_SWIFT_ASSET_SYMBOL_EXTENSIONS = YES;
				CLANG_ANALYZER_NONNULL = YES;
				CLANG_ANALYZER_NUMBER_OBJECT_CONVERSION = YES_AGGRESSIVE;
				CLANG_CXX_LANGUAGE_STANDARD = "gnu++20";
				CLANG_ENABLE_MODULES = YES;
				CLANG_ENABLE_OBJC_ARC = YES;
				CLANG_ENABLE_OBJC_WEAK = YES;
				CLANG_WARN_BLOCK_CAPTURE_AUTORELEASING = YES;
				CLANG_WARN_BOOL_CONVERSION = YES;
				CLANG_WARN_COMMA = YES;
				CLANG_WARN_CONSTANT_CONVERSION = YES;
				CLANG_WARN_DEPRECATED_OBJC_IMPLEMENTATIONS = YES;
				CLANG_WARN_DIRECT_OBJC_ISA_USAGE = YES_ERROR;
				CLANG_WARN_DOCUMENTATION_COMMENTS = YES;
				CLANG_WARN_EMPTY_BODY = YES;
				CLANG_WARN_ENUM_CONVERSION = YES;
				CLANG_WARN_INFINITE_RECURSION = YES;
				CLANG_WARN_INT_CONVERSION = YES;
				CLANG_WARN_NON_LITERAL_NULL_CONVERSION = YES;
				CLANG_WARN_OBJC_IMPLICIT_RETAIN_SELF = YES;
				CLANG_WARN_OBJC_LITERAL_CONVERSION = YES;
				CLANG_WARN_OBJC_ROOT_CLASS = YES_ERROR;
				CLANG_WARN_QUOTED_INCLUDE_IN_FRAMEWORK_HEADER = YES;
				CLANG_WARN_RANGE_LOOP_ANALYSIS = YES;
				CLANG_WARN_STRICT_PROTOTYPES = YES;
				CLANG_WARN_SUSPICIOUS_MOVE = YES;
				CLANG_WARN_UNGUARDED_AVAILABILITY = YES_AGGRESSIVE;
				CLANG_WARN_UNREACHABLE_CODE = YES;
				CLANG_WARN__DUPLICATE_METHOD_MATCH = YES;
				COPY_PHASE_STRIP = NO;
				DEBUG_INFORMATION_FORMAT = "dwarf-with-dsym";
				DEVELOPMENT_TEAM = 423A8TXZT7;
				ENABLE_NS_ASSERTIONS = NO;
				ENABLE_STRICT_OBJC_MSGSEND = YES;
				ENABLE_USER_SCRIPT_SANDBOXING = NO;
				GCC_C_LANGUAGE_STANDARD = gnu17;
				GCC_NO_COMMON_BLOCKS = YES;
				GCC_WARN_64_TO_32_BIT_CONVERSION = YES;
				GCC_WARN_ABOUT_RETURN_TYPE = YES_ERROR;
				GCC_WARN_UNDECLARED_SELECTOR = YES;
				GCC_WARN_UNINITIALIZED_AUTOS = YES_AGGRESSIVE;
				GCC_WARN_UNUSED_FUNCTION = YES;
				GCC_WARN_UNUSED_VARIABLE = YES;
				IPHONEOS_DEPLOYMENT_TARGET = 26.2;
				LOCALIZATION_PREFERS_STRING_CATALOGS = YES;
				MTL_ENABLE_DEBUG_INFO = NO;
				MTL_FAST_MATH = YES;
				SDKROOT = iphoneos;
				SWIFT_COMPILATION_MODE = wholemodule;
				VALIDATE_PRODUCT = YES;
			};
			name = Release;
		};
		8CF5A41E2F5ADE24004381DD /* Debug */ = {
			isa = XCBuildConfiguration;
			baseConfigurationReference = 99A27BAA03D1ACD8FE2EAB0B /* Pods-ALISASDKSwiftUIExample.debug.xcconfig */;
			buildSettings = {
				ASSETCATALOG_COMPILER_APPICON_NAME = AppIcon;
				ASSETCATALOG_COMPILER_GLOBAL_ACCENT_COLOR_NAME = AccentColor;
				CODE_SIGN_STYLE = Automatic;
				CURRENT_PROJECT_VERSION = 1;
				DEVELOPMENT_TEAM = 423A8TXZT7;
				ENABLE_PREVIEWS = YES;
				GENERATE_INFOPLIST_FILE = YES;
				INFOPLIST_KEY_NSLocationWhenInUseUsageDescription = "";
				INFOPLIST_KEY_UIApplicationSceneManifest_Generation = YES;
				INFOPLIST_KEY_UIApplicationSupportsIndirectInputEvents = YES;
				INFOPLIST_KEY_UILaunchScreen_Generation = YES;
				INFOPLIST_KEY_UISupportedInterfaceOrientations_iPad = "UIInterfaceOrientationPortrait UIInterfaceOrientationPortraitUpsideDown UIInterfaceOrientationLandscapeLeft UIInterfaceOrientationLandscapeRight";
				INFOPLIST_KEY_UISupportedInterfaceOrientations_iPhone = "UIInterfaceOrientationPortrait UIInterfaceOrientationLandscapeLeft UIInterfaceOrientationLandscapeRight";
				LD_RUNPATH_SEARCH_PATHS = (
					"$(inherited)",
					"@executable_path/Frameworks",
				);
				MARKETING_VERSION = 1.0;
				PRODUCT_BUNDLE_IDENTIFIER = ali.superapp.ALISASDKSwiftUIExample;
				PRODUCT_NAME = "$(TARGET_NAME)";
				STRING_CATALOG_GENERATE_SYMBOLS = YES;
				SWIFT_APPROACHABLE_CONCURRENCY = YES;
				SWIFT_DEFAULT_ACTOR_ISOLATION = MainActor;
				SWIFT_EMIT_LOC_STRINGS = YES;
				SWIFT_UPCOMING_FEATURE_MEMBER_IMPORT_VISIBILITY = YES;
				SWIFT_VERSION = 5.0;
				TARGETED_DEVICE_FAMILY = "1,2";
			};
			name = Debug;
		};
		8CF5A41F2F5ADE24004381DD /* Release */ = {
			isa = XCBuildConfiguration;
			baseConfigurationReference = C1050191B8DFD8BB2F2D7B49 /* Pods-ALISASDKSwiftUIExample.release.xcconfig */;
			buildSettings = {
				ASSETCATALOG_COMPILER_APPICON_NAME = AppIcon;
				ASSETCATALOG_COMPILER_GLOBAL_ACCENT_COLOR_NAME = AccentColor;
				CODE_SIGN_STYLE = Automatic;
				CURRENT_PROJECT_VERSION = 1;
				DEVELOPMENT_TEAM = 423A8TXZT7;
				ENABLE_PREVIEWS = YES;
				GENERATE_INFOPLIST_FILE = YES;
				INFOPLIST_KEY_NSLocationWhenInUseUsageDescription = "";
				INFOPLIST_KEY_UIApplicationSceneManifest_Generation = YES;
				INFOPLIST_KEY_UIApplicationSupportsIndirectInputEvents = YES;
				INFOPLIST_KEY_UILaunchScreen_Generation = YES;
				INFOPLIST_KEY_UISupportedInterfaceOrientations_iPad = "UIInterfaceOrientationPortrait UIInterfaceOrientationPortraitUpsideDown UIInterfaceOrientationLandscapeLeft UIInterfaceOrientationLandscapeRight";
				INFOPLIST_KEY_UISupportedInterfaceOrientations_iPhone = "UIInterfaceOrientationPortrait UIInterfaceOrientationLandscapeLeft UIInterfaceOrientationLandscapeRight";
				LD_RUNPATH_SEARCH_PATHS = (
					"$(inherited)",
					"@executable_path/Frameworks",
				);
				MARKETING_VERSION = 1.0;
				PRODUCT_BUNDLE_IDENTIFIER = ali.superapp.ALISASDKSwiftUIExample;
				PRODUCT_NAME = "$(TARGET_NAME)";
				STRING_CATALOG_GENERATE_SYMBOLS = YES;
				SWIFT_APPROACHABLE_CONCURRENCY = YES;
				SWIFT_DEFAULT_ACTOR_ISOLATION = MainActor;
				SWIFT_EMIT_LOC_STRINGS = YES;
				SWIFT_UPCOMING_FEATURE_MEMBER_IMPORT_VISIBILITY = YES;
				SWIFT_VERSION = 5.0;
				TARGETED_DEVICE_FAMILY = "1,2";
			};
			name = Release;
		};
		8CF5A4212F5ADE24004381DD /* Debug */ = {
			isa = XCBuildConfiguration;
			baseConfigurationReference = 3F17A7B44A729293047381C9 /* Pods-ALISASDKSwiftUIExampleTests.debug.xcconfig */;
			buildSettings = {
				BUNDLE_LOADER = "$(TEST_HOST)";
				CODE_SIGN_STYLE = Automatic;
				CURRENT_PROJECT_VERSION = 1;
				DEVELOPMENT_TEAM = 423A8TXZT7;
				GENERATE_INFOPLIST_FILE = YES;
				IPHONEOS_DEPLOYMENT_TARGET = 26.2;
				MARKETING_VERSION = 1.0;
				PRODUCT_BUNDLE_IDENTIFIER = ali.superapp.ALISASDKSwiftUIExampleTests;
				PRODUCT_NAME = "$(TARGET_NAME)";
				STRING_CATALOG_GENERATE_SYMBOLS = NO;
				SWIFT_APPROACHABLE_CONCURRENCY = YES;
				SWIFT_EMIT_LOC_STRINGS = NO;
				SWIFT_UPCOMING_FEATURE_MEMBER_IMPORT_VISIBILITY = YES;
				SWIFT_VERSION = 5.0;
				TARGETED_DEVICE_FAMILY = "1,2";
				TEST_HOST = "$(BUILT_PRODUCTS_DIR)/ALISASDKSwiftUIExample.app/$(BUNDLE_EXECUTABLE_FOLDER_PATH)/ALISASDKSwiftUIExample";
			};
			name = Debug;
		};
		8CF5A4222F5ADE24004381DD /* Release */ = {
			isa = XCBuildConfiguration;
			baseConfigurationReference = A907A2A62E23BEFE65B1D33A /* Pods-ALISASDKSwiftUIExampleTests.release.xcconfig */;
			buildSettings = {
				BUNDLE_LOADER = "$(TEST_HOST)";
				CODE_SIGN_STYLE = Automatic;
				CURRENT_PROJECT_VERSION = 1;
				DEVELOPMENT_TEAM = 423A8TXZT7;
				GENERATE_INFOPLIST_FILE = YES;
				IPHONEOS_DEPLOYMENT_TARGET = 26.2;
				MARKETING_VERSION = 1.0;
				PRODUCT_BUNDLE_IDENTIFIER = ali.superapp.ALISASDKSwiftUIExampleTests;
				PRODUCT_NAME = "$(TARGET_NAME)";
				STRING_CATALOG_GENERATE_SYMBOLS = NO;
				SWIFT_APPROACHABLE_CONCURRENCY = YES;
				SWIFT_EMIT_LOC_STRINGS = NO;
				SWIFT_UPCOMING_FEATURE_MEMBER_IMPORT_VISIBILITY = YES;
				SWIFT_VERSION = 5.0;
				TARGETED_DEVICE_FAMILY = "1,2";
				TEST_HOST = "$(BUILT_PRODUCTS_DIR)/ALISASDKSwiftUIExample.app/$(BUNDLE_EXECUTABLE_FOLDER_PATH)/ALISASDKSwiftUIExample";
			};
			name = Release;
		};
		8CF5A4242F5ADE24004381DD /* Debug */ = {
			isa = XCBuildConfiguration;
			baseConfigurationReference = 80869A5F9DDD4684A25A72B9 /* Pods-ALISASDKSwiftUIExampleUITests.debug.xcconfig */;
			buildSettings = {
				CODE_SIGN_STYLE = Automatic;
				CURRENT_PROJECT_VERSION = 1;
				DEVELOPMENT_TEAM = 423A8TXZT7;
				GENERATE_INFOPLIST_FILE = YES;
				MARKETING_VERSION = 1.0;
				PRODUCT_BUNDLE_IDENTIFIER = ali.superapp.ALISASDKSwiftUIExampleUITests;
				PRODUCT_NAME = "$(TARGET_NAME)";
				STRING_CATALOG_GENERATE_SYMBOLS = NO;
				SWIFT_APPROACHABLE_CONCURRENCY = YES;
				SWIFT_EMIT_LOC_STRINGS = NO;
				SWIFT_UPCOMING_FEATURE_MEMBER_IMPORT_VISIBILITY = YES;
				SWIFT_VERSION = 5.0;
				TARGETED_DEVICE_FAMILY = "1,2";
				TEST_TARGET_NAME = ALISASDKSwiftUIExample;
			};
			name = Debug;
		};
		8CF5A4252F5ADE24004381DD /* Release */ = {
			isa = XCBuildConfiguration;
			baseConfigurationReference = 6D5247E35810C56EB1F68F7D /* Pods-ALISASDKSwiftUIExampleUITests.release.xcconfig */;
			buildSettings = {
				CODE_SIGN_STYLE = Automatic;
				CURRENT_PROJECT_VERSION = 1;
				DEVELOPMENT_TEAM = 423A8TXZT7;
				GENERATE_INFOPLIST_FILE = YES;
				MARKETING_VERSION = 1.0;
				PRODUCT_BUNDLE_IDENTIFIER = ali.superapp.ALISASDKSwiftUIExampleUITests;
				PRODUCT_NAME = "$(TARGET_NAME)";
				STRING_CATALOG_GENERATE_SYMBOLS = NO;
				SWIFT_APPROACHABLE_CONCURRENCY = YES;
				SWIFT_EMIT_LOC_STRINGS = NO;
				SWIFT_UPCOMING_FEATURE_MEMBER_IMPORT_VISIBILITY = YES;
				SWIFT_VERSION = 5.0;
				TARGETED_DEVICE_FAMILY = "1,2";
				TEST_TARGET_NAME = ALISASDKSwiftUIExample;
			};
			name = Release;
		};
/* End XCBuildConfiguration section */

/* Begin XCConfigurationList section */
		8CF5A3F72F5ADE21004381DD /* Build configuration list for PBXProject "ALISASDKSwiftUIExample" */ = {
			isa = XCConfigurationList;
			buildConfigurations = (
				8CF5A41B2F5ADE24004381DD /* Debug */,
				8CF5A41C2F5ADE24004381DD /* Release */,
			);
			defaultConfigurationIsVisible = 0;
			defaultConfigurationName = Release;
		};
		8CF5A41D2F5ADE24004381DD /* Build configuration list for PBXNativeTarget "ALISASDKSwiftUIExample" */ = {
			isa = XCConfigurationList;
			buildConfigurations = (
				8CF5A41E2F5ADE24004381DD /* Debug */,
				8CF5A41F2F5ADE24004381DD /* Release */,
			);
			defaultConfigurationIsVisible = 0;
			defaultConfigurationName = Release;
		};
		8CF5A4202F5ADE24004381DD /* Build configuration list for PBXNativeTarget "ALISASDKSwiftUIExampleTests" */ = {
			isa = XCConfigurationList;
			buildConfigurations = (
				8CF5A4212F5ADE24004381DD /* Debug */,
				8CF5A4222F5ADE24004381DD /* Release */,
			);
			defaultConfigurationIsVisible = 0;
			defaultConfigurationName = Release;
		};
		8CF5A4232F5ADE24004381DD /* Build configuration list for PBXNativeTarget "ALISASDKSwiftUIExampleUITests" */ = {
			isa = XCConfigurationList;
			buildConfigurations = (
				8CF5A4242F5ADE24004381DD /* Debug */,
				8CF5A4252F5ADE24004381DD /* Release */,
			);
			defaultConfigurationIsVisible = 0;
			defaultConfigurationName = Release;
		};
/* End XCConfigurationList section */
	};
	rootObject = 8CF5A3F42F5ADE21004381DD /* Project object */;
}
